<Solution>
  <Folder Name="/samples/">
    <Project Path="samples/DevExpressInspiredControls.Demo/DevExpressInspiredControls.Demo.csproj" />
  </Folder>
  <Folder Name="/tests/">
    <Project Path="tests/DevExpressInspiredControls.Tests/DevExpressInspiredControls.Tests.csproj" />
  </Folder>
  <Folder Name="/src/">
    <Project Path="src/DevExpressInspiredControls/DevExpressInspiredControls.csproj" />
  </Folder>
  <Folder Name="/tools/">
    <Project Path="tools/DevExpressInspiredControls.Capture/DevExpressInspiredControls.Capture.csproj" />
  </Folder>
</Solution>
